
Microsoft Visual Studio Solution File, Format Version 12.00
# Visual Studio Version 16
VisualStudioVersion = 16.0.29911.84
MinimumVisualStudioVersion = 10.0.40219.1
Project("{FAE04EC0-301F-11D3-BF4B-00C04F79EFBC}") = "Matthewpbaileydesigns.Core", "Matthewpbaileydesigns.Core\Matthewpbaileydesigns.Core.csproj", "{C50C4B37-0F45-40B4-A95E-1BF5E44BAFA5}"
EndProject
Project("{FAE04EC0-301F-11D3-BF4B-00C04F79EFBC}") = "Matthewpbaileydesigns.Services", "Matthewpbaileydesigns.Services\Matthewpbaileydesigns.Services.csproj", "{10B4B657-F9D7-4CEB-82E6-3083DA8E2034}"
EndProject
Project("{FAE04EC0-301F-11D3-BF4B-00C04F79EFBC}") = "Matthewpbalieydesigns.DataAccess.SQL", "Matthewpbalieydesigns.DataAccess.SQL\Matthewpbalieydesigns.DataAccess.SQL.csproj", "{4417D06E-6875-41D0-AEDC-01B6E4E98530}"
EndProject
Project("{FAE04EC0-301F-11D3-BF4B-00C04F79EFBC}") = "Matthewpbaileydesigns.DataAccess.InMemory", "Matthewpbaileydesigns.DataAccess.InMemory\Matthewpbaileydesigns.DataAccess.InMemory.csproj", "{3309AEBE-CD19-4E00-8FCB-1108B0A0547F}"
EndProject
Project("{FAE04EC0-301F-11D3-BF4B-00C04F79EFBC}") = "Matthewpbaileydesigns.WebUI", "Matthewpbaileydesigns.WebUI\Matthewpbaileydesigns.WebUI.csproj", "{F1E1E516-6F77-4794-94AF-75F8A1DB0F36}"
EndProject
Project("{FAE04EC0-301F-11D3-BF4B-00C04F79EFBC}") = "Matthewpbaileydesigns.WebUI.Tests", "Matthewpbaileydesigns.WebUI.Tests\Matthewpbaileydesigns.WebUI.Tests.csproj", "{EEFDBDED-E9AF-4997-A18F-2A5BA11A30FF}"
EndProject
Global
	GlobalSection(SolutionConfigurationPlatforms) = preSolution
		Debug|Any CPU = Debug|Any CPU
		Release|Any CPU = Release|Any CPU
	EndGlobalSection
	GlobalSection(ProjectConfigurationPlatforms) = postSolution
		{C50C4B37-0F45-40B4-A95E-1BF5E44BAFA5}.Debug|Any CPU.ActiveCfg = Debug|Any CPU
		{C50C4B37-0F45-40B4-A95E-1BF5E44BAFA5}.Debug|Any CPU.Build.0 = Debug|Any CPU
		{C50C4B37-0F45-40B4-A95E-1BF5E44BAFA5}.Release|Any CPU.ActiveCfg = Release|Any CPU
		{C50C4B37-0F45-40B4-A95E-1BF5E44BAFA5}.Release|Any CPU.Build.0 = Release|Any CPU
		{10B4B657-F9D7-4CEB-82E6-3083DA8E2034}.Debug|Any CPU.ActiveCfg = Debug|Any CPU
		{10B4B657-F9D7-4CEB-82E6-3083DA8E2034}.Debug|Any CPU.Build.0 = Debug|Any CPU
		{10B4B657-F9D7-4CEB-82E6-3083DA8E2034}.Release|Any CPU.ActiveCfg = Release|Any CPU
		{10B4B657-F9D7-4CEB-82E6-3083DA8E2034}.Release|Any CPU.Build.0 = Release|Any CPU
		{4417D06E-6875-41D0-AEDC-01B6E4E98530}.Debug|Any CPU.ActiveCfg = Debug|Any CPU
		{4417D06E-6875-41D0-AEDC-01B6E4E98530}.Debug|Any CPU.Build.0 = Debug|Any CPU
		{4417D06E-6875-41D0-AEDC-01B6E4E98530}.Release|Any CPU.ActiveCfg = Release|Any CPU
		{4417D06E-6875-41D0-AEDC-01B6E4E98530}.Release|Any CPU.Build.0 = Release|Any CPU
		{3309AEBE-CD19-4E00-8FCB-1108B0A0547F}.Debug|Any CPU.ActiveCfg = Debug|Any CPU
		{3309AEBE-CD19-4E00-8FCB-1108B0A0547F}.Debug|Any CPU.Build.0 = Debug|Any CPU
		{3309AEBE-CD19-4E00-8FCB-1108B0A0547F}.Release|Any CPU.ActiveCfg = Release|Any CPU
		{3309AEBE-CD19-4E00-8FCB-1108B0A0547F}.Release|Any CPU.Build.0 = Release|Any CPU
		{F1E1E516-6F77-4794-94AF-75F8A1DB0F36}.Debug|Any CPU.ActiveCfg = Debug|Any CPU
		{F1E1E516-6F77-4794-94AF-75F8A1DB0F36}.Debug|Any CPU.Build.0 = Debug|Any CPU
		{F1E1E516-6F77-4794-94AF-75F8A1DB0F36}.Release|Any CPU.ActiveCfg = Release|Any CPU
		{F1E1E516-6F77-4794-94AF-75F8A1DB0F36}.Release|Any CPU.Build.0 = Release|Any CPU
		{EEFDBDED-E9AF-4997-A18F-2A5BA11A30FF}.Debug|Any CPU.ActiveCfg = Debug|Any CPU
		{EEFDBDED-E9AF-4997-A18F-2A5BA11A30FF}.Debug|Any CPU.Build.0 = Debug|Any CPU
		{EEFDBDED-E9AF-4997-A18F-2A5BA11A30FF}.Release|Any CPU.ActiveCfg = Release|Any CPU
		{EEFDBDED-E9AF-4997-A18F-2A5BA11A30FF}.Release|Any CPU.Build.0 = Release|Any CPU
	EndGlobalSection
	GlobalSection(SolutionProperties) = preSolution
		HideSolutionNode = FALSE
	EndGlobalSection
	GlobalSection(ExtensibilityGlobals) = postSolution
		SolutionGuid = {F222ED33-2ACC-4348-8DF3-29ACFD2A551C}
	EndGlobalSection
EndGlobal
